
Microsoft Visual Studio Solution File, Format Version 12.00
# Visual Studio Version 17
VisualStudioVersion = 17.5.002.0
MinimumVisualStudioVersion = 10.0.40219.1
Project("{2150E333-8FDC-42A3-9474-1A3956D46DE8}") = "src", "src", "{19476F78-2F0A-455D-A962-72B84B258236}"
EndProject
Project("{2150E333-8FDC-42A3-9474-1A3956D46DE8}") = "Solution Items", "Solution Items", "{A010ADD7-B829-4F1E-98EA-1DE6B4D4E260}"
	ProjectSection(SolutionItems) = preProject
		src\depscoprc.json = src\depscoprc.json
		src\Directory.Build.props = src\Directory.Build.props
		src\docker-compose.yml = src\docker-compose.yml
		src\Directory.Packages.props = src\Directory.Packages.props
		src\Dockerfile = src\Dockerfile
		src\nuget.config = src\nuget.config
		README.md = README.md
	EndProjectSection
EndProject
Project("{FAE04EC0-301F-11D3-BF4B-00C04F79EFBC}") = "Api", "src\Api\Api.csproj", "{70036F22-89BC-414D-8473-6ECBD47516C6}"
EndProject
Project("{2150E333-8FDC-42A3-9474-1A3956D46DE8}") = "Modules", "Modules", "{C9333D26-F9B7-4B0D-803B-82079E205303}"
EndProject
Project("{2150E333-8FDC-42A3-9474-1A3956D46DE8}") = "Shared", "Shared", "{9AA2DDB4-4416-40CA-83A2-9A304DFB1CCF}"
EndProject
Project("{FAE04EC0-301F-11D3-BF4B-00C04F79EFBC}") = "Reservations.Core", "src\Modules\Reservations\Reservations.Core\Reservations.Core.csproj", "{71C6915B-D009-49F9-979A-3B0F4B9D35DF}"
EndProject
Project("{FAE04EC0-301F-11D3-BF4B-00C04F79EFBC}") = "Shared.Core", "src\Shared\Shared.Core\Shared.Core.csproj", "{4F27440C-377D-421D-BE2E-9EE28293A18F}"
EndProject
Project("{FAE04EC0-301F-11D3-BF4B-00C04F79EFBC}") = "Shared.Infrastructure", "src\Shared\Shared.Infrastructure\Shared.Infrastructure.csproj", "{7C2AF91E-81E3-4A5D-A97F-04047F147CB3}"
EndProject
Project("{FAE04EC0-301F-11D3-BF4B-00C04F79EFBC}") = "Shared.Infrastructure.Web", "src\Shared\Shared.Infrastructure.Web\Shared.Infrastructure.Web.csproj", "{E9FCD422-4007-4522-BA12-88E485EDB955}"
EndProject
Project("{FAE04EC0-301F-11D3-BF4B-00C04F79EFBC}") = "SystemUsers.UseCases", "src\Modules\SystemUsers\SytemUsers.UseCases\SystemUsers.UseCases.csproj", "{42B33246-AE75-4E0E-B021-379A230AA059}"
EndProject
Project("{FAE04EC0-301F-11D3-BF4B-00C04F79EFBC}") = "SystemUsers.Core", "src\Modules\SystemUsers\SystemUsers.Core\SystemUsers.Core.csproj", "{DA73AC8F-A6D7-42E0-9488-C621B9EE5270}"
EndProject
Project("{FAE04EC0-301F-11D3-BF4B-00C04F79EFBC}") = "SystemUsers.Infrastructure", "src\Modules\SystemUsers\SystemUsers.Infrastructure\SystemUsers.Infrastructure.csproj", "{C2285CCB-3193-4698-A07A-EFA85A69A01D}"
EndProject
Global
	GlobalSection(SolutionConfigurationPlatforms) = preSolution
		Debug|Any CPU = Debug|Any CPU
		Release|Any CPU = Release|Any CPU
	EndGlobalSection
	GlobalSection(ProjectConfigurationPlatforms) = postSolution
		{70036F22-89BC-414D-8473-6ECBD47516C6}.Debug|Any CPU.ActiveCfg = Debug|Any CPU
		{70036F22-89BC-414D-8473-6ECBD47516C6}.Debug|Any CPU.Build.0 = Debug|Any CPU
		{70036F22-89BC-414D-8473-6ECBD47516C6}.Release|Any CPU.ActiveCfg = Release|Any CPU
		{70036F22-89BC-414D-8473-6ECBD47516C6}.Release|Any CPU.Build.0 = Release|Any CPU
		{71C6915B-D009-49F9-979A-3B0F4B9D35DF}.Debug|Any CPU.ActiveCfg = Debug|Any CPU
		{71C6915B-D009-49F9-979A-3B0F4B9D35DF}.Debug|Any CPU.Build.0 = Debug|Any CPU
		{71C6915B-D009-49F9-979A-3B0F4B9D35DF}.Release|Any CPU.ActiveCfg = Release|Any CPU
		{71C6915B-D009-49F9-979A-3B0F4B9D35DF}.Release|Any CPU.Build.0 = Release|Any CPU
		{4F27440C-377D-421D-BE2E-9EE28293A18F}.Debug|Any CPU.ActiveCfg = Debug|Any CPU
		{4F27440C-377D-421D-BE2E-9EE28293A18F}.Debug|Any CPU.Build.0 = Debug|Any CPU
		{4F27440C-377D-421D-BE2E-9EE28293A18F}.Release|Any CPU.ActiveCfg = Release|Any CPU
		{4F27440C-377D-421D-BE2E-9EE28293A18F}.Release|Any CPU.Build.0 = Release|Any CPU
		{7C2AF91E-81E3-4A5D-A97F-04047F147CB3}.Debug|Any CPU.ActiveCfg = Debug|Any CPU
		{7C2AF91E-81E3-4A5D-A97F-04047F147CB3}.Debug|Any CPU.Build.0 = Debug|Any CPU
		{7C2AF91E-81E3-4A5D-A97F-04047F147CB3}.Release|Any CPU.ActiveCfg = Release|Any CPU
		{7C2AF91E-81E3-4A5D-A97F-04047F147CB3}.Release|Any CPU.Build.0 = Release|Any CPU
		{E9FCD422-4007-4522-BA12-88E485EDB955}.Debug|Any CPU.ActiveCfg = Debug|Any CPU
		{E9FCD422-4007-4522-BA12-88E485EDB955}.Debug|Any CPU.Build.0 = Debug|Any CPU
		{E9FCD422-4007-4522-BA12-88E485EDB955}.Release|Any CPU.ActiveCfg = Release|Any CPU
		{E9FCD422-4007-4522-BA12-88E485EDB955}.Release|Any CPU.Build.0 = Release|Any CPU
		{42B33246-AE75-4E0E-B021-379A230AA059}.Debug|Any CPU.ActiveCfg = Debug|Any CPU
		{42B33246-AE75-4E0E-B021-379A230AA059}.Debug|Any CPU.Build.0 = Debug|Any CPU
		{42B33246-AE75-4E0E-B021-379A230AA059}.Release|Any CPU.ActiveCfg = Release|Any CPU
		{42B33246-AE75-4E0E-B021-379A230AA059}.Release|Any CPU.Build.0 = Release|Any CPU
		{DA73AC8F-A6D7-42E0-9488-C621B9EE5270}.Debug|Any CPU.ActiveCfg = Debug|Any CPU
		{DA73AC8F-A6D7-42E0-9488-C621B9EE5270}.Debug|Any CPU.Build.0 = Debug|Any CPU
		{DA73AC8F-A6D7-42E0-9488-C621B9EE5270}.Release|Any CPU.ActiveCfg = Release|Any CPU
		{DA73AC8F-A6D7-42E0-9488-C621B9EE5270}.Release|Any CPU.Build.0 = Release|Any CPU
		{C2285CCB-3193-4698-A07A-EFA85A69A01D}.Debug|Any CPU.ActiveCfg = Debug|Any CPU
		{C2285CCB-3193-4698-A07A-EFA85A69A01D}.Debug|Any CPU.Build.0 = Debug|Any CPU
		{C2285CCB-3193-4698-A07A-EFA85A69A01D}.Release|Any CPU.ActiveCfg = Release|Any CPU
		{C2285CCB-3193-4698-A07A-EFA85A69A01D}.Release|Any CPU.Build.0 = Release|Any CPU
	EndGlobalSection
	GlobalSection(SolutionProperties) = preSolution
		HideSolutionNode = FALSE
	EndGlobalSection
	GlobalSection(NestedProjects) = preSolution
		{70036F22-89BC-414D-8473-6ECBD47516C6} = {19476F78-2F0A-455D-A962-72B84B258236}
		{C9333D26-F9B7-4B0D-803B-82079E205303} = {19476F78-2F0A-455D-A962-72B84B258236}
		{9AA2DDB4-4416-40CA-83A2-9A304DFB1CCF} = {19476F78-2F0A-455D-A962-72B84B258236}
		{71C6915B-D009-49F9-979A-3B0F4B9D35DF} = {C9333D26-F9B7-4B0D-803B-82079E205303}
		{4F27440C-377D-421D-BE2E-9EE28293A18F} = {9AA2DDB4-4416-40CA-83A2-9A304DFB1CCF}
		{7C2AF91E-81E3-4A5D-A97F-04047F147CB3} = {9AA2DDB4-4416-40CA-83A2-9A304DFB1CCF}
		{E9FCD422-4007-4522-BA12-88E485EDB955} = {9AA2DDB4-4416-40CA-83A2-9A304DFB1CCF}
		{42B33246-AE75-4E0E-B021-379A230AA059} = {C9333D26-F9B7-4B0D-803B-82079E205303}
		{DA73AC8F-A6D7-42E0-9488-C621B9EE5270} = {C9333D26-F9B7-4B0D-803B-82079E205303}
		{C2285CCB-3193-4698-A07A-EFA85A69A01D} = {C9333D26-F9B7-4B0D-803B-82079E205303}
	EndGlobalSection
	GlobalSection(ExtensibilityGlobals) = postSolution
		SolutionGuid = {F8617770-7C7C-40E1-8B97-F64A2F0EAA91}
	EndGlobalSection
EndGlobal
